<Solution>
  <Project Path="AuthenticationApp.Application/AuthenticationApp.Application.csproj" />
  <Project Path="AuthenticationApp.Domain/AuthenticationApp.Domain.csproj" />
  <Project Path="AuthenticationApp.Infrastructure/AuthenticationApp.Infrastructure.csproj" />
  <Project Path="AuthenticationApp.SharedKernel/AuthenticationApp.SharedKernel.csproj" />
  <Project Path="AuthenticationApp.WebApi/AuthenticationApp.WebApi.csproj" />
</Solution>
